
Microsoft Visual Studio Solution File, Format Version 10.00
# Visual Studio 2008
Project("{FAE04EC0-301F-11D3-BF4B-00C04F79EFBC}") = "pos", "pos\pos.csproj", "{77878BC3-82D5-4008-BD7C-2F89AD3B5CB0}"
EndProject
Global
	GlobalSection(SolutionConfigurationPlatforms) = preSolution
		Debug|Any CPU = Debug|Any CPU
		Release|Any CPU = Release|Any CPU
	EndGlobalSection
	GlobalSection(ProjectConfigurationPlatforms) = postSolution
		{77878BC3-82D5-4008-BD7C-2F89AD3B5CB0}.Debug|Any CPU.ActiveCfg = Debug|Any CPU
		{77878BC3-82D5-4008-BD7C-2F89AD3B5CB0}.Debug|Any CPU.Build.0 = Debug|Any CPU
		{77878BC3-82D5-4008-BD7C-2F89AD3B5CB0}.Release|Any CPU.ActiveCfg = Release|Any CPU
		{77878BC3-82D5-4008-BD7C-2F89AD3B5CB0}.Release|Any CPU.Build.0 = Release|Any CPU
	EndGlobalSection
	GlobalSection(SolutionProperties) = preSolution
		HideSolutionNode = FALSE
	EndGlobalSection
EndGlobal
